# This file was autogenerated by Stack.
# You should not edit this file by hand.
# For more information, please see the documentation at:
#   https://docs.haskellstack.org/en/stable/lock_files

packages:
- completed:
    hackage: conduit-extra-1.1.17@sha256:dfa0d00dc11a8a4c3fdff15374c378ee34c25a2255b52194aa1ea3c1f1a63fd7,4521
    pantry-tree:
      size: 2247
      sha256: 2ba7cbdb0fcc7aee0d074ab8a721adf8d39d341164704241debf9ca19ebb6946
  original:
    hackage: conduit-extra-1.1.17
snapshots:
- completed:
    size: 536340
    url: https://raw.githubusercontent.com/commercialhaskell/stackage-snapshots/master/lts/9/18.yaml
    sha256: 3378d236577d99911e5325255f2b147e3f2d1f0253dc680d2b85921183c04e4f
  original: lts-9.18
